{
  "name": "go-foks",
  "lockfileVersion": 3,
  "requires": true,
  "packages": {
    "": {
      "devDependencies": {
        "@foks-proj/snowpack-compiler": "^1.0.8"
      }
    },
    "node_modules/@foks-proj/snowpack-compiler": {
      "version": "1.0.8",
      "resolved": "https://registry.npmjs.org/@foks-proj/snowpack-compiler/-/snowpack-compiler-1.0.8.tgz",
      "integrity": "sha512-KzG5/9riz3lw7dOxOokaRyb4C6G59YgmbVDFGaA5GTuUK0HM5PJz0vEe2btKQTXp1lhKsio+spPrM6DO/jFCKQ==",
      "dev": true,
      "license": "MIT",
      "dependencies": {
        "commander": "^13.1.0"
      },
      "bin": {
        "snowpc": "build/cli.js"
      }
    },
    "node_modules/commander": {
      "version": "13.1.0",
      "resolved": "https://registry.npmjs.org/commander/-/commander-13.1.0.tgz",
      "integrity": "sha512-/rFeCpNJQbhSZjGVwO9RFV3xPqbnERS8MmIQzCtD/zl6gpJuV/bMLuN92oG3F7d8oDEHHRrujSXNUr8fpjntKw==",
      "dev": true,
      "license": "MIT",
      "engines": {
        "node": ">=18"
      }
    }
  }
}
